
Microsoft Visual Studio Solution File, Format Version 12.00
# Visual Studio Version 16
VisualStudioVersion = 16.0.31605.320
MinimumVisualStudioVersion = 10.0.40219.1
Project("{2150E333-8FDC-42A3-9474-1A3956D46DE8}") = "Cpp", "Cpp", "{8A083D98-C8A7-4BA2-B5F7-FBA3BF4AE854}"
EndProject
Project("{2150E333-8FDC-42A3-9474-1A3956D46DE8}") = "A", "A", "{6D3FEC09-EBC0-4924-8722-F2E2459C2F97}"
EndProject
Project("{8BC9CEB8-8B4A-11D0-8D11-00A0C91BC942}") = "A_Solution", "Cpp\A\A_Solution\A_Solution.vcxproj", "{71E2E17D-DB1F-4938-A72E-52935D2E5CFD}"
EndProject
Project("{2150E333-8FDC-42A3-9474-1A3956D46DE8}") = "B", "B", "{5AC58E01-2DA0-42F2-B91B-15D9D4A49033}"
EndProject
Project("{2150E333-8FDC-42A3-9474-1A3956D46DE8}") = "C", "C", "{9FF65620-CB2A-424C-AFD3-6A50806D1559}"
EndProject
Project("{2150E333-8FDC-42A3-9474-1A3956D46DE8}") = "D", "D", "{DA969A3F-94DD-4333-B90B-BDE5CF9EBA32}"
EndProject
Project("{2150E333-8FDC-42A3-9474-1A3956D46DE8}") = "E", "E", "{7B967D45-DAF4-47B9-B6B2-36F8797BE394}"
EndProject
Project("{2150E333-8FDC-42A3-9474-1A3956D46DE8}") = "F", "F", "{69BA8AF5-E2D9-4F49-904A-1B1325762261}"
EndProject
Project("{2150E333-8FDC-42A3-9474-1A3956D46DE8}") = "G", "G", "{C8D88EA9-9370-4B67-938F-D39D72F7E1E4}"
EndProject
Project("{2150E333-8FDC-42A3-9474-1A3956D46DE8}") = "H", "H", "{1592A095-F924-4DE2-9022-04C74052684B}"
EndProject
Project("{2150E333-8FDC-42A3-9474-1A3956D46DE8}") = "I", "I", "{D8C03FC1-0536-405C-8FD4-893571A231CE}"
EndProject
Project("{2150E333-8FDC-42A3-9474-1A3956D46DE8}") = "J", "J", "{8AC84E07-9991-4762-BB5C-D7FD87C67D4C}"
EndProject
Project("{2150E333-8FDC-42A3-9474-1A3956D46DE8}") = "K", "K", "{23862975-E96F-460E-A7A0-15F89499679D}"
EndProject
Project("{2150E333-8FDC-42A3-9474-1A3956D46DE8}") = "L", "L", "{F24F541B-2FC9-4E0D-8BC1-49E36545CEE6}"
EndProject
Project("{2150E333-8FDC-42A3-9474-1A3956D46DE8}") = "M", "M", "{BD66DEC8-B0B0-4995-89EB-6A4FF60C0E47}"
EndProject
Project("{2150E333-8FDC-42A3-9474-1A3956D46DE8}") = "N", "N", "{B5065E69-9D88-46E8-864B-A5EFBAD0F4EE}"
EndProject
Project("{2150E333-8FDC-42A3-9474-1A3956D46DE8}") = "O", "O", "{385E7D0D-D1BF-4725-AC02-C3E738FA5F4B}"
EndProject
Project("{2150E333-8FDC-42A3-9474-1A3956D46DE8}") = "P", "P", "{8F9780D3-6D78-4D87-A704-0DE40ECFC2E6}"
EndProject
Project("{2150E333-8FDC-42A3-9474-1A3956D46DE8}") = "Q", "Q", "{06779FBC-9BA1-4782-9ABF-293120186117}"
EndProject
Project("{2150E333-8FDC-42A3-9474-1A3956D46DE8}") = "R", "R", "{D4E44531-3C3E-49A2-A88B-17DF478932D8}"
EndProject
Project("{2150E333-8FDC-42A3-9474-1A3956D46DE8}") = "S", "S", "{13FEC3A3-50E1-4FA8-AD52-D63EE170CBB5}"
EndProject
Project("{2150E333-8FDC-42A3-9474-1A3956D46DE8}") = "T", "T", "{3BF60AE7-032E-4836-8FB8-223FA429EFE8}"
EndProject
Project("{8BC9CEB8-8B4A-11D0-8D11-00A0C91BC942}") = "B_Solution", "Cpp\B\B_Solution\B_Solution.vcxproj", "{CA7D2726-65CC-49F7-BAFE-EBD619103CFB}"
EndProject
Project("{8BC9CEB8-8B4A-11D0-8D11-00A0C91BC942}") = "F_Solution", "Cpp\F\F_Solution\F_Solution.vcxproj", "{0B97C111-CAA8-4BE0-A0F4-4F58F573B44E}"
EndProject
Project("{8BC9CEB8-8B4A-11D0-8D11-00A0C91BC942}") = "E_Solution", "Cpp\E\E_Solution\E_Solution.vcxproj", "{EC2D9C2D-3DB0-4CC2-91DD-03947CAF5A11}"
EndProject
Project("{8BC9CEB8-8B4A-11D0-8D11-00A0C91BC942}") = "H_Solution", "Cpp\H\H_Solution\H_Solution.vcxproj", "{AD1BD0D5-F577-4C1B-960E-30B9297320E3}"
EndProject
Project("{8BC9CEB8-8B4A-11D0-8D11-00A0C91BC942}") = "C_Solution", "Cpp\C\C_Solution\C_Solution.vcxproj", "{0525901A-0B0F-4D4F-85D4-6056A50B782D}"
EndProject
Project("{8BC9CEB8-8B4A-11D0-8D11-00A0C91BC942}") = "D_Solution", "Cpp\D\D_Solution\D_Solution.vcxproj", "{15457692-48A0-43AD-AE72-6EFFFF752A16}"
EndProject
Project("{8BC9CEB8-8B4A-11D0-8D11-00A0C91BC942}") = "G_Solution", "Cpp\G\G_Solution\G_Solution.vcxproj", "{0CE0551A-0CEF-4187-9CE1-25E7C1AFE9B4}"
EndProject
Project("{8BC9CEB8-8B4A-11D0-8D11-00A0C91BC942}") = "I_Solution", "Cpp\I\I_Solution\I_Solution.vcxproj", "{AD1D61EA-F50F-4D6E-B12C-DB20F495847F}"
EndProject
Project("{8BC9CEB8-8B4A-11D0-8D11-00A0C91BC942}") = "J_Solution", "Cpp\J\J_Solution\J_Solution.vcxproj", "{9722FD81-68A7-4BE5-BEA3-D1CE3933813C}"
EndProject
Global
	GlobalSection(SolutionConfigurationPlatforms) = preSolution
		Debug|Any CPU = Debug|Any CPU
		Debug|x64 = Debug|x64
		Debug|x86 = Debug|x86
		Release|Any CPU = Release|Any CPU
		Release|x64 = Release|x64
		Release|x86 = Release|x86
	EndGlobalSection
	GlobalSection(ProjectConfigurationPlatforms) = postSolution
		{71E2E17D-DB1F-4938-A72E-52935D2E5CFD}.Debug|Any CPU.ActiveCfg = Debug|Win32
		{71E2E17D-DB1F-4938-A72E-52935D2E5CFD}.Debug|x64.ActiveCfg = Debug|x64
		{71E2E17D-DB1F-4938-A72E-52935D2E5CFD}.Debug|x64.Build.0 = Debug|x64
		{71E2E17D-DB1F-4938-A72E-52935D2E5CFD}.Debug|x86.ActiveCfg = Debug|Win32
		{71E2E17D-DB1F-4938-A72E-52935D2E5CFD}.Debug|x86.Build.0 = Debug|Win32
		{71E2E17D-DB1F-4938-A72E-52935D2E5CFD}.Release|Any CPU.ActiveCfg = Release|Win32
		{71E2E17D-DB1F-4938-A72E-52935D2E5CFD}.Release|x64.ActiveCfg = Release|x64
		{71E2E17D-DB1F-4938-A72E-52935D2E5CFD}.Release|x64.Build.0 = Release|x64
		{71E2E17D-DB1F-4938-A72E-52935D2E5CFD}.Release|x86.ActiveCfg = Release|Win32
		{71E2E17D-DB1F-4938-A72E-52935D2E5CFD}.Release|x86.Build.0 = Release|Win32
		{CA7D2726-65CC-49F7-BAFE-EBD619103CFB}.Debug|Any CPU.ActiveCfg = Debug|Win32
		{CA7D2726-65CC-49F7-BAFE-EBD619103CFB}.Debug|x64.ActiveCfg = Debug|x64
		{CA7D2726-65CC-49F7-BAFE-EBD619103CFB}.Debug|x64.Build.0 = Debug|x64
		{CA7D2726-65CC-49F7-BAFE-EBD619103CFB}.Debug|x86.ActiveCfg = Debug|Win32
		{CA7D2726-65CC-49F7-BAFE-EBD619103CFB}.Debug|x86.Build.0 = Debug|Win32
		{CA7D2726-65CC-49F7-BAFE-EBD619103CFB}.Release|Any CPU.ActiveCfg = Release|Win32
		{CA7D2726-65CC-49F7-BAFE-EBD619103CFB}.Release|x64.ActiveCfg = Release|x64
		{CA7D2726-65CC-49F7-BAFE-EBD619103CFB}.Release|x64.Build.0 = Release|x64
		{CA7D2726-65CC-49F7-BAFE-EBD619103CFB}.Release|x86.ActiveCfg = Release|Win32
		{CA7D2726-65CC-49F7-BAFE-EBD619103CFB}.Release|x86.Build.0 = Release|Win32
		{0B97C111-CAA8-4BE0-A0F4-4F58F573B44E}.Debug|Any CPU.ActiveCfg = Debug|Win32
		{0B97C111-CAA8-4BE0-A0F4-4F58F573B44E}.Debug|x64.ActiveCfg = Debug|x64
		{0B97C111-CAA8-4BE0-A0F4-4F58F573B44E}.Debug|x64.Build.0 = Debug|x64
		{0B97C111-CAA8-4BE0-A0F4-4F58F573B44E}.Debug|x86.ActiveCfg = Debug|Win32
		{0B97C111-CAA8-4BE0-A0F4-4F58F573B44E}.Debug|x86.Build.0 = Debug|Win32
		{0B97C111-CAA8-4BE0-A0F4-4F58F573B44E}.Release|Any CPU.ActiveCfg = Release|Win32
		{0B97C111-CAA8-4BE0-A0F4-4F58F573B44E}.Release|x64.ActiveCfg = Release|x64
		{0B97C111-CAA8-4BE0-A0F4-4F58F573B44E}.Release|x64.Build.0 = Release|x64
		{0B97C111-CAA8-4BE0-A0F4-4F58F573B44E}.Release|x86.ActiveCfg = Release|Win32
		{0B97C111-CAA8-4BE0-A0F4-4F58F573B44E}.Release|x86.Build.0 = Release|Win32
		{EC2D9C2D-3DB0-4CC2-91DD-03947CAF5A11}.Debug|Any CPU.ActiveCfg = Debug|Win32
		{EC2D9C2D-3DB0-4CC2-91DD-03947CAF5A11}.Debug|x64.ActiveCfg = Debug|x64
		{EC2D9C2D-3DB0-4CC2-91DD-03947CAF5A11}.Debug|x64.Build.0 = Debug|x64
		{EC2D9C2D-3DB0-4CC2-91DD-03947CAF5A11}.Debug|x86.ActiveCfg = Debug|Win32
		{EC2D9C2D-3DB0-4CC2-91DD-03947CAF5A11}.Debug|x86.Build.0 = Debug|Win32
		{EC2D9C2D-3DB0-4CC2-91DD-03947CAF5A11}.Release|Any CPU.ActiveCfg = Release|Win32
		{EC2D9C2D-3DB0-4CC2-91DD-03947CAF5A11}.Release|x64.ActiveCfg = Release|x64
		{EC2D9C2D-3DB0-4CC2-91DD-03947CAF5A11}.Release|x64.Build.0 = Release|x64
		{EC2D9C2D-3DB0-4CC2-91DD-03947CAF5A11}.Release|x86.ActiveCfg = Release|Win32
		{EC2D9C2D-3DB0-4CC2-91DD-03947CAF5A11}.Release|x86.Build.0 = Release|Win32
		{AD1BD0D5-F577-4C1B-960E-30B9297320E3}.Debug|Any CPU.ActiveCfg = Debug|Win32
		{AD1BD0D5-F577-4C1B-960E-30B9297320E3}.Debug|x64.ActiveCfg = Debug|x64
		{AD1BD0D5-F577-4C1B-960E-30B9297320E3}.Debug|x64.Build.0 = Debug|x64
		{AD1BD0D5-F577-4C1B-960E-30B9297320E3}.Debug|x86.ActiveCfg = Debug|Win32
		{AD1BD0D5-F577-4C1B-960E-30B9297320E3}.Debug|x86.Build.0 = Debug|Win32
		{AD1BD0D5-F577-4C1B-960E-30B9297320E3}.Release|Any CPU.ActiveCfg = Release|Win32
		{AD1BD0D5-F577-4C1B-960E-30B9297320E3}.Release|x64.ActiveCfg = Release|x64
		{AD1BD0D5-F577-4C1B-960E-30B9297320E3}.Release|x64.Build.0 = Release|x64
		{AD1BD0D5-F577-4C1B-960E-30B9297320E3}.Release|x86.ActiveCfg = Release|Win32
		{AD1BD0D5-F577-4C1B-960E-30B9297320E3}.Release|x86.Build.0 = Release|Win32
		{0525901A-0B0F-4D4F-85D4-6056A50B782D}.Debug|Any CPU.ActiveCfg = Debug|Win32
		{0525901A-0B0F-4D4F-85D4-6056A50B782D}.Debug|x64.ActiveCfg = Debug|x64
		{0525901A-0B0F-4D4F-85D4-6056A50B782D}.Debug|x64.Build.0 = Debug|x64
		{0525901A-0B0F-4D4F-85D4-6056A50B782D}.Debug|x86.ActiveCfg = Debug|Win32
		{0525901A-0B0F-4D4F-85D4-6056A50B782D}.Debug|x86.Build.0 = Debug|Win32
		{0525901A-0B0F-4D4F-85D4-6056A50B782D}.Release|Any CPU.ActiveCfg = Release|Win32
		{0525901A-0B0F-4D4F-85D4-6056A50B782D}.Release|x64.ActiveCfg = Release|x64
		{0525901A-0B0F-4D4F-85D4-6056A50B782D}.Release|x64.Build.0 = Release|x64
		{0525901A-0B0F-4D4F-85D4-6056A50B782D}.Release|x86.ActiveCfg = Release|Win32
		{0525901A-0B0F-4D4F-85D4-6056A50B782D}.Release|x86.Build.0 = Release|Win32
		{15457692-48A0-43AD-AE72-6EFFFF752A16}.Debug|Any CPU.ActiveCfg = Debug|Win32
		{15457692-48A0-43AD-AE72-6EFFFF752A16}.Debug|x64.ActiveCfg = Debug|x64
		{15457692-48A0-43AD-AE72-6EFFFF752A16}.Debug|x64.Build.0 = Debug|x64
		{15457692-48A0-43AD-AE72-6EFFFF752A16}.Debug|x86.ActiveCfg = Debug|Win32
		{15457692-48A0-43AD-AE72-6EFFFF752A16}.Debug|x86.Build.0 = Debug|Win32
		{15457692-48A0-43AD-AE72-6EFFFF752A16}.Release|Any CPU.ActiveCfg = Release|Win32
		{15457692-48A0-43AD-AE72-6EFFFF752A16}.Release|x64.ActiveCfg = Release|x64
		{15457692-48A0-43AD-AE72-6EFFFF752A16}.Release|x64.Build.0 = Release|x64
		{15457692-48A0-43AD-AE72-6EFFFF752A16}.Release|x86.ActiveCfg = Release|Win32
		{15457692-48A0-43AD-AE72-6EFFFF752A16}.Release|x86.Build.0 = Release|Win32
		{0CE0551A-0CEF-4187-9CE1-25E7C1AFE9B4}.Debug|Any CPU.ActiveCfg = Debug|Win32
		{0CE0551A-0CEF-4187-9CE1-25E7C1AFE9B4}.Debug|x64.ActiveCfg = Debug|x64
		{0CE0551A-0CEF-4187-9CE1-25E7C1AFE9B4}.Debug|x64.Build.0 = Debug|x64
		{0CE0551A-0CEF-4187-9CE1-25E7C1AFE9B4}.Debug|x86.ActiveCfg = Debug|Win32
		{0CE0551A-0CEF-4187-9CE1-25E7C1AFE9B4}.Debug|x86.Build.0 = Debug|Win32
		{0CE0551A-0CEF-4187-9CE1-25E7C1AFE9B4}.Release|Any CPU.ActiveCfg = Release|Win32
		{0CE0551A-0CEF-4187-9CE1-25E7C1AFE9B4}.Release|x64.ActiveCfg = Release|x64
		{0CE0551A-0CEF-4187-9CE1-25E7C1AFE9B4}.Release|x64.Build.0 = Release|x64
		{0CE0551A-0CEF-4187-9CE1-25E7C1AFE9B4}.Release|x86.ActiveCfg = Release|Win32
		{0CE0551A-0CEF-4187-9CE1-25E7C1AFE9B4}.Release|x86.Build.0 = Release|Win32
		{AD1D61EA-F50F-4D6E-B12C-DB20F495847F}.Debug|Any CPU.ActiveCfg = Debug|Win32
		{AD1D61EA-F50F-4D6E-B12C-DB20F495847F}.Debug|x64.ActiveCfg = Debug|x64
		{AD1D61EA-F50F-4D6E-B12C-DB20F495847F}.Debug|x64.Build.0 = Debug|x64
		{AD1D61EA-F50F-4D6E-B12C-DB20F495847F}.Debug|x86.ActiveCfg = Debug|Win32
		{AD1D61EA-F50F-4D6E-B12C-DB20F495847F}.Debug|x86.Build.0 = Debug|Win32
		{AD1D61EA-F50F-4D6E-B12C-DB20F495847F}.Release|Any CPU.ActiveCfg = Release|Win32
		{AD1D61EA-F50F-4D6E-B12C-DB20F495847F}.Release|x64.ActiveCfg = Release|x64
		{AD1D61EA-F50F-4D6E-B12C-DB20F495847F}.Release|x64.Build.0 = Release|x64
		{AD1D61EA-F50F-4D6E-B12C-DB20F495847F}.Release|x86.ActiveCfg = Release|Win32
		{AD1D61EA-F50F-4D6E-B12C-DB20F495847F}.Release|x86.Build.0 = Release|Win32
		{9722FD81-68A7-4BE5-BEA3-D1CE3933813C}.Debug|Any CPU.ActiveCfg = Debug|Win32
		{9722FD81-68A7-4BE5-BEA3-D1CE3933813C}.Debug|x64.ActiveCfg = Debug|x64
		{9722FD81-68A7-4BE5-BEA3-D1CE3933813C}.Debug|x64.Build.0 = Debug|x64
		{9722FD81-68A7-4BE5-BEA3-D1CE3933813C}.Debug|x86.ActiveCfg = Debug|Win32
		{9722FD81-68A7-4BE5-BEA3-D1CE3933813C}.Debug|x86.Build.0 = Debug|Win32
		{9722FD81-68A7-4BE5-BEA3-D1CE3933813C}.Release|Any CPU.ActiveCfg = Release|Win32
		{9722FD81-68A7-4BE5-BEA3-D1CE3933813C}.Release|x64.ActiveCfg = Release|x64
		{9722FD81-68A7-4BE5-BEA3-D1CE3933813C}.Release|x64.Build.0 = Release|x64
		{9722FD81-68A7-4BE5-BEA3-D1CE3933813C}.Release|x86.ActiveCfg = Release|Win32
		{9722FD81-68A7-4BE5-BEA3-D1CE3933813C}.Release|x86.Build.0 = Release|Win32
	EndGlobalSection
	GlobalSection(SolutionProperties) = preSolution
		HideSolutionNode = FALSE
	EndGlobalSection
	GlobalSection(NestedProjects) = preSolution
		{6D3FEC09-EBC0-4924-8722-F2E2459C2F97} = {8A083D98-C8A7-4BA2-B5F7-FBA3BF4AE854}
		{71E2E17D-DB1F-4938-A72E-52935D2E5CFD} = {6D3FEC09-EBC0-4924-8722-F2E2459C2F97}
		{5AC58E01-2DA0-42F2-B91B-15D9D4A49033} = {8A083D98-C8A7-4BA2-B5F7-FBA3BF4AE854}
		{9FF65620-CB2A-424C-AFD3-6A50806D1559} = {8A083D98-C8A7-4BA2-B5F7-FBA3BF4AE854}
		{DA969A3F-94DD-4333-B90B-BDE5CF9EBA32} = {8A083D98-C8A7-4BA2-B5F7-FBA3BF4AE854}
		{7B967D45-DAF4-47B9-B6B2-36F8797BE394} = {8A083D98-C8A7-4BA2-B5F7-FBA3BF4AE854}
		{69BA8AF5-E2D9-4F49-904A-1B1325762261} = {8A083D98-C8A7-4BA2-B5F7-FBA3BF4AE854}
		{C8D88EA9-9370-4B67-938F-D39D72F7E1E4} = {8A083D98-C8A7-4BA2-B5F7-FBA3BF4AE854}
		{1592A095-F924-4DE2-9022-04C74052684B} = {8A083D98-C8A7-4BA2-B5F7-FBA3BF4AE854}
		{D8C03FC1-0536-405C-8FD4-893571A231CE} = {8A083D98-C8A7-4BA2-B5F7-FBA3BF4AE854}
		{8AC84E07-9991-4762-BB5C-D7FD87C67D4C} = {8A083D98-C8A7-4BA2-B5F7-FBA3BF4AE854}
		{23862975-E96F-460E-A7A0-15F89499679D} = {8A083D98-C8A7-4BA2-B5F7-FBA3BF4AE854}
		{F24F541B-2FC9-4E0D-8BC1-49E36545CEE6} = {8A083D98-C8A7-4BA2-B5F7-FBA3BF4AE854}
		{BD66DEC8-B0B0-4995-89EB-6A4FF60C0E47} = {8A083D98-C8A7-4BA2-B5F7-FBA3BF4AE854}
		{B5065E69-9D88-46E8-864B-A5EFBAD0F4EE} = {8A083D98-C8A7-4BA2-B5F7-FBA3BF4AE854}
		{385E7D0D-D1BF-4725-AC02-C3E738FA5F4B} = {8A083D98-C8A7-4BA2-B5F7-FBA3BF4AE854}
		{8F9780D3-6D78-4D87-A704-0DE40ECFC2E6} = {8A083D98-C8A7-4BA2-B5F7-FBA3BF4AE854}
		{06779FBC-9BA1-4782-9ABF-293120186117} = {8A083D98-C8A7-4BA2-B5F7-FBA3BF4AE854}
		{D4E44531-3C3E-49A2-A88B-17DF478932D8} = {8A083D98-C8A7-4BA2-B5F7-FBA3BF4AE854}
		{13FEC3A3-50E1-4FA8-AD52-D63EE170CBB5} = {8A083D98-C8A7-4BA2-B5F7-FBA3BF4AE854}
		{3BF60AE7-032E-4836-8FB8-223FA429EFE8} = {8A083D98-C8A7-4BA2-B5F7-FBA3BF4AE854}
		{CA7D2726-65CC-49F7-BAFE-EBD619103CFB} = {5AC58E01-2DA0-42F2-B91B-15D9D4A49033}
		{0B97C111-CAA8-4BE0-A0F4-4F58F573B44E} = {69BA8AF5-E2D9-4F49-904A-1B1325762261}
		{EC2D9C2D-3DB0-4CC2-91DD-03947CAF5A11} = {7B967D45-DAF4-47B9-B6B2-36F8797BE394}
		{AD1BD0D5-F577-4C1B-960E-30B9297320E3} = {1592A095-F924-4DE2-9022-04C74052684B}
		{0525901A-0B0F-4D4F-85D4-6056A50B782D} = {9FF65620-CB2A-424C-AFD3-6A50806D1559}
		{15457692-48A0-43AD-AE72-6EFFFF752A16} = {DA969A3F-94DD-4333-B90B-BDE5CF9EBA32}
		{0CE0551A-0CEF-4187-9CE1-25E7C1AFE9B4} = {C8D88EA9-9370-4B67-938F-D39D72F7E1E4}
		{AD1D61EA-F50F-4D6E-B12C-DB20F495847F} = {D8C03FC1-0536-405C-8FD4-893571A231CE}
		{9722FD81-68A7-4BE5-BEA3-D1CE3933813C} = {8AC84E07-9991-4762-BB5C-D7FD87C67D4C}
	EndGlobalSection
	GlobalSection(ExtensibilityGlobals) = postSolution
		SolutionGuid = {610EA8A2-9D4A-4470-8D7C-94435608B82E}
	EndGlobalSection
EndGlobal
